{
  "R": {
    "Version": "4.3.2",
    "Repositories": [
      {
        "Name": "milesmcbain",
        "URL": "https://milesmcbain.r-universe.dev"
      },
      {
        "Name": "CRAN",
        "URL": "https://cloud.r-project.org"
      }
    ]
  },
  "Packages": {
    "DBI": {
      "Source": "Repository",
      "Package": "DBI",
      "Version": "1.1.3",
      "Repository": "CRAN",
      "RemoteType": "standard",
      "RemotePkgRef": "DBI",
      "RemoteRef": "DBI",
      "RemoteRepos": "https://cloud.r-project.org",
      "RemotePkgPlatform": "aarch64-apple-darwin20",
      "RemoteSha": "1.1.3"
    },
    "R.cache": {
      "Source": "Repository",
      "Package": "R.cache",
      "Version": "0.16.0",
      "Repository": "CRAN",
      "RemoteType": "standard",
      "RemotePkgRef": "R.cache",
      "RemoteRef": "R.cache",
      "RemoteRepos": "https://cloud.r-project.org",
      "RemotePkgPlatform": "aarch64-apple-darwin20",
      "RemoteSha": "0.16.0"
    },
    "R.methodsS3": {
      "Source": "Repository",
      "Package": "R.methodsS3",
      "Version": "1.8.2",
      "Repository": "CRAN",
      "RemoteType": "standard",
      "RemotePkgRef": "R.methodsS3",
      "RemoteRef": "R.methodsS3",
      "RemoteRepos": "https://cloud.r-project.org",
      "RemotePkgPlatform": "aarch64-apple-darwin20",
      "RemoteSha": "1.8.2"
    },
    "R.oo": {
      "Source": "Repository",
      "Package": "R.oo",
      "Version": "1.25.0",
      "Repository": "CRAN",
      "RemoteType": "standard",
      "RemotePkgRef": "R.oo",
      "RemoteRef": "R.oo",
      "RemoteRepos": "https://cloud.r-project.org",
      "RemotePkgPlatform": "aarch64-apple-darwin20",
      "RemoteSha": "1.25.0"
    },
    "R.utils": {
      "Source": "Repository",
      "Package": "R.utils",
      "Version": "2.12.2",
      "Repository": "CRAN",
      "RemoteType": "standard",
      "RemotePkgRef": "R.utils",
      "RemoteRef": "R.utils",
      "RemoteRepos": "https://cloud.r-project.org",
      "RemotePkgPlatform": "aarch64-apple-darwin20",
      "RemoteSha": "2.12.2"
    },
    "R6": {
      "Source": "Repository",
      "Package": "R6",
      "Version": "2.5.1",
      "Repository": "CRAN",
      "RemoteType": "standard",
      "RemotePkgRef": "R6",
      "RemoteRef": "R6",
      "RemoteRepos": "https://cloud.r-project.org",
      "RemotePkgPlatform": "aarch64-apple-darwin20",
      "RemoteSha": "2.5.1"
    },
    "RColorBrewer": {
      "Source": "Repository",
      "Package": "RColorBrewer",
      "Version": "1.1-3",
      "Repository": "CRAN",
      "RemoteType": "standard",
      "RemotePkgRef": "RColorBrewer",
      "RemoteRef": "RColorBrewer",
      "RemoteRepos": "https://cloud.r-project.org",
      "RemotePkgPlatform": "aarch64-apple-darwin20",
      "RemoteSha": "1.1-3"
    },
    "Rcpp": {
      "Source": "Repository",
      "Package": "Rcpp",
      "Version": "1.0.11",
      "Repository": "CRAN"
    },
    "RcppArmadillo": {
      "Source": "Repository",
      "Package": "RcppArmadillo",
      "Version": "0.12.2.0.0",
      "Repository": "CRAN"
    },
    "RcppEigen": {
      "Source": "Repository",
      "Package": "RcppEigen",
      "Version": "0.3.3.9.3",
      "Repository": "CRAN"
    },
    "RefManageR": {
      "Source": "Repository",
      "Package": "RefManageR",
      "Version": "1.4.0",
      "Repository": "CRAN"
    },
    "TeXCheckR": {
      "Source": "Repository",
      "Package": "TeXCheckR",
      "Version": "0.7.0",
      "Repository": "CRAN"
    },
    "askpass": {
      "Source": "Repository",
      "Package": "askpass",
      "Version": "1.2.0",
      "Repository": "CRAN"
    },
    "assertthat": {
      "Source": "Repository",
      "Package": "assertthat",
      "Version": "0.2.1",
      "Repository": "CRAN",
      "RemoteType": "standard",
      "RemotePkgRef": "assertthat",
      "RemoteRef": "assertthat",
      "RemoteRepos": "https://cloud.r-project.org",
      "RemotePkgPlatform": "aarch64-apple-darwin20",
      "RemoteSha": "0.2.1"
    },
    "backports": {
      "Source": "Repository",
      "Package": "backports",
      "Version": "1.4.1",
      "Repository": "CRAN",
      "RemoteType": "standard",
      "RemotePkgRef": "backports",
      "RemoteRef": "backports",
      "RemoteRepos": "https://cloud.r-project.org",
      "RemotePkgPlatform": "aarch64-apple-darwin20",
      "RemoteSha": "1.4.1"
    },
    "base64enc": {
      "Source": "Repository",
      "Package": "base64enc",
      "Version": "0.1-3",
      "Repository": "CRAN",
      "RemoteType": "standard",
      "RemotePkgRef": "base64enc",
      "RemoteRef": "base64enc",
      "RemoteRepos": "https://cloud.r-project.org",
      "RemotePkgPlatform": "aarch64-apple-darwin20",
      "RemoteSha": "0.1-3"
    },
    "base64url": {
      "Source": "Repository",
      "Package": "base64url",
      "Version": "1.4",
      "Repository": "CRAN",
      "RemoteType": "standard",
      "RemotePkgRef": "base64url",
      "RemoteRef": "base64url",
      "RemoteRepos": "https://cloud.r-project.org",
      "RemotePkgPlatform": "aarch64-apple-darwin20",
      "RemoteSha": "1.4"
    },
    "bibtex": {
      "Source": "Repository",
      "Package": "bibtex",
      "Version": "0.5.1",
      "Repository": "CRAN"
    },
    "bit": {
      "Source": "Repository",
      "Package": "bit",
      "Version": "4.0.5",
      "Repository": "CRAN",
      "RemoteType": "standard",
      "RemotePkgRef": "bit",
      "RemoteRef": "bit",
      "RemoteRepos": "https://cloud.r-project.org",
      "RemotePkgPlatform": "aarch64-apple-darwin20",
      "RemoteSha": "4.0.5"
    },
    "bit64": {
      "Source": "Repository",
      "Package": "bit64",
      "Version": "4.0.5",
      "Repository": "CRAN",
      "RemoteType": "standard",
      "RemotePkgRef": "bit64",
      "RemoteRef": "bit64",
      "RemoteRepos": "https://cloud.r-project.org",
      "RemotePkgPlatform": "aarch64-apple-darwin20",
      "RemoteSha": "4.0.5"
    },
    "blob": {
      "Source": "Repository",
      "Package": "blob",
      "Version": "1.2.4",
      "Repository": "CRAN",
      "RemoteType": "standard",
      "RemotePkgRef": "blob",
      "RemoteRef": "blob",
      "RemoteRepos": "https://cloud.r-project.org",
      "RemotePkgPlatform": "aarch64-apple-darwin20",
      "RemoteSha": "1.2.4"
    },
    "broom": {
      "Source": "Repository",
      "Package": "broom",
      "Version": "1.0.5",
      "Repository": "CRAN"
    },
    "bslib": {
      "Source": "Repository",
      "Package": "bslib",
      "Version": "0.5.1",
      "Repository": "CRAN"
    },
    "cachem": {
      "Source": "Repository",
      "Package": "cachem",
      "Version": "1.0.8",
      "Repository": "CRAN"
    },
    "callr": {
      "Source": "Repository",
      "Package": "callr",
      "Version": "3.7.3",
      "Repository": "CRAN",
      "RemoteType": "standard",
      "RemotePkgRef": "callr",
      "RemoteRef": "callr",
      "RemoteRepos": "https://cloud.r-project.org",
      "RemotePkgPlatform": "aarch64-apple-darwin20",
      "RemoteSha": "3.7.3"
    },
    "capsule": {
      "Source": "Repository",
      "Package": "capsule",
      "Version": "0.4.2",
      "Repository": "https://milesmcbain.r-universe.dev",
      "RemoteUrl": "https://github.com/milesmcbain/capsule",
      "RemoteRef": "master",
      "RemoteSha": "401d0c98adc329c17d0bb129069c9ec220a26646"
    },
    "cellranger": {
      "Source": "Repository",
      "Package": "cellranger",
      "Version": "1.1.0",
      "Repository": "CRAN",
      "RemoteType": "standard",
      "RemotePkgRef": "cellranger",
      "RemoteRef": "cellranger",
      "RemoteRepos": "https://cloud.r-project.org",
      "RemotePkgPlatform": "aarch64-apple-darwin20",
      "RemoteSha": "1.1.0"
    },
    "cli": {
      "Source": "Repository",
      "Package": "cli",
      "Version": "3.6.1",
      "Repository": "CRAN",
      "RemoteType": "standard",
      "RemotePkgRef": "cli",
      "RemoteRef": "cli",
      "RemoteRepos": "https://cloud.r-project.org",
      "RemotePkgPlatform": "aarch64-apple-darwin20",
      "RemoteSha": "3.6.1"
    },
    "clipr": {
      "Source": "Repository",
      "Package": "clipr",
      "Version": "0.8.0",
      "Repository": "CRAN",
      "RemoteType": "standard",
      "RemotePkgRef": "clipr",
      "RemoteRef": "clipr",
      "RemoteRepos": "https://cloud.r-project.org",
      "RemotePkgPlatform": "aarch64-apple-darwin20",
      "RemoteSha": "0.8.0"
    },
    "clisymbols": {
      "Source": "Repository",
      "Package": "clisymbols",
      "Version": "1.2.0",
      "Repository": "CRAN"
    },
    "colorspace": {
      "Source": "Repository",
      "Package": "colorspace",
      "Version": "2.1-0",
      "Repository": "CRAN",
      "RemoteType": "standard",
      "RemotePkgRef": "colorspace",
      "RemoteRef": "colorspace",
      "RemoteRepos": "https://cloud.r-project.org",
      "RemotePkgPlatform": "aarch64-apple-darwin20",
      "RemoteSha": "2.1-0"
    },
    "conflicted": {
      "Source": "Repository",
      "Package": "conflicted",
      "Version": "1.2.0",
      "Repository": "CRAN",
      "RemoteType": "standard",
      "RemotePkgRef": "conflicted",
      "RemoteRef": "conflicted",
      "RemoteRepos": "https://cloud.r-project.org",
      "RemotePkgPlatform": "aarch64-apple-darwin20",
      "RemoteSha": "1.2.0"
    },
    "cpp11": {
      "Source": "Repository",
      "Package": "cpp11",
      "Version": "0.4.6",
      "Repository": "CRAN"
    },
    "crayon": {
      "Source": "Repository",
      "Package": "crayon",
      "Version": "1.5.2",
      "Repository": "CRAN",
      "RemoteType": "standard",
      "RemotePkgRef": "crayon",
      "RemoteRef": "crayon",
      "RemoteRepos": "https://cloud.r-project.org",
      "RemotePkgPlatform": "aarch64-apple-darwin20",
      "RemoteSha": "1.5.2"
    },
    "credentials": {
      "Source": "Repository",
      "Package": "credentials",
      "Version": "1.3.2",
      "Repository": "CRAN",
      "RemoteType": "standard",
      "RemotePkgRef": "credentials",
      "RemoteRef": "credentials",
      "RemoteRepos": "https://cloud.r-project.org",
      "RemotePkgPlatform": "aarch64-apple-darwin20",
      "RemoteSha": "1.3.2"
    },
    "curl": {
      "Source": "Repository",
      "Package": "curl",
      "Version": "5.1.0",
      "Repository": "CRAN"
    },
    "data.table": {
      "Source": "Repository",
      "Package": "data.table",
      "Version": "1.14.8",
      "Repository": "CRAN",
      "RemoteType": "standard",
      "RemotePkgRef": "data.table",
      "RemoteRef": "data.table",
      "RemoteRepos": "https://cloud.r-project.org",
      "RemotePkgPlatform": "aarch64-apple-darwin20",
      "RemoteSha": "1.14.8"
    },
    "dbplyr": {
      "Source": "Repository",
      "Package": "dbplyr",
      "Version": "2.3.2",
      "Repository": "CRAN",
      "RemoteType": "standard",
      "RemotePkgRef": "dbplyr",
      "RemoteRef": "dbplyr",
      "RemoteRepos": "https://cloud.r-project.org",
      "RemotePkgPlatform": "aarch64-apple-darwin20",
      "RemoteSha": "2.3.2"
    },
    "desc": {
      "Source": "Repository",
      "Package": "desc",
      "Version": "1.4.2",
      "Repository": "CRAN",
      "RemoteType": "standard",
      "RemotePkgRef": "desc",
      "RemoteRef": "desc",
      "RemoteRepos": "https://cloud.r-project.org",
      "RemotePkgPlatform": "aarch64-apple-darwin20",
      "RemoteSha": "1.4.2"
    },
    "digest": {
      "Source": "Repository",
      "Package": "digest",
      "Version": "0.6.33",
      "Repository": "CRAN"
    },
    "dotenv": {
      "Source": "Repository",
      "Package": "dotenv",
      "Version": "1.0.3",
      "Repository": "CRAN",
      "RemoteType": "standard",
      "RemotePkgRef": "dotenv",
      "RemoteRef": "dotenv",
      "RemoteRepos": "https://cloud.r-project.org",
      "RemotePkgPlatform": "aarch64-apple-darwin20",
      "RemoteSha": "1.0.3"
    },
    "dplyr": {
      "Source": "Repository",
      "Package": "dplyr",
      "Version": "1.1.3",
      "Repository": "CRAN"
    },
    "dtplyr": {
      "Source": "Repository",
      "Package": "dtplyr",
      "Version": "1.3.1",
      "Repository": "CRAN",
      "RemoteType": "standard",
      "RemotePkgRef": "dtplyr",
      "RemoteRef": "dtplyr",
      "RemoteRepos": "https://cloud.r-project.org",
      "RemotePkgPlatform": "aarch64-apple-darwin20",
      "RemoteSha": "1.3.1"
    },
    "ellipsis": {
      "Source": "Repository",
      "Package": "ellipsis",
      "Version": "0.3.2",
      "Repository": "CRAN",
      "RemoteType": "standard",
      "RemotePkgRef": "ellipsis",
      "RemoteRef": "ellipsis",
      "RemoteRepos": "https://cloud.r-project.org",
      "RemotePkgPlatform": "aarch64-apple-darwin20",
      "RemoteSha": "0.3.2"
    },
    "evaluate": {
      "Source": "Repository",
      "Package": "evaluate",
      "Version": "0.23",
      "Repository": "CRAN"
    },
    "fansi": {
      "Source": "Repository",
      "Package": "fansi",
      "Version": "1.0.5",
      "Repository": "CRAN"
    },
    "farver": {
      "Source": "Repository",
      "Package": "farver",
      "Version": "2.1.1",
      "Repository": "CRAN",
      "RemoteType": "standard",
      "RemotePkgRef": "farver",
      "RemoteRef": "farver",
      "RemoteRepos": "https://cloud.r-project.org",
      "RemotePkgPlatform": "aarch64-apple-darwin20",
      "RemoteSha": "2.1.1"
    },
    "fastmap": {
      "Source": "Repository",
      "Package": "fastmap",
      "Version": "1.1.1",
      "Repository": "CRAN",
      "RemoteType": "standard",
      "RemotePkgRef": "fastmap",
      "RemoteRef": "fastmap",
      "RemoteRepos": "https://cloud.r-project.org",
      "RemotePkgPlatform": "aarch64-apple-darwin20",
      "RemoteSha": "1.1.1"
    },
    "fastmatch": {
      "Source": "Repository",
      "Package": "fastmatch",
      "Version": "1.1-4",
      "Repository": "CRAN"
    },
    "fontawesome": {
      "Source": "Repository",
      "Package": "fontawesome",
      "Version": "0.5.2",
      "Repository": "CRAN"
    },
    "forcats": {
      "Source": "Repository",
      "Package": "forcats",
      "Version": "1.0.0",
      "Repository": "CRAN",
      "RemoteType": "standard",
      "RemotePkgRef": "forcats",
      "RemoteRef": "forcats",
      "RemoteRepos": "https://cloud.r-project.org",
      "RemotePkgPlatform": "aarch64-apple-darwin20",
      "RemoteSha": "1.0.0"
    },
    "fs": {
      "Source": "Repository",
      "Package": "fs",
      "Version": "1.6.3",
      "Repository": "CRAN"
    },
    "future.apply": {
      "Source": "Repository",
      "Package": "future.apply",
      "Version": "1.11.0",
      "Repository": "CRAN"
    },
    "future": {
      "Source": "Repository",
      "Package": "future",
      "Version": "1.33.0",
      "Repository": "CRAN"
    },
    "gargle": {
      "Source": "Repository",
      "Package": "gargle",
      "Version": "1.4.0",
      "Repository": "CRAN",
      "RemoteType": "standard",
      "RemotePkgRef": "gargle",
      "RemoteRef": "gargle",
      "RemoteRepos": "https://cloud.r-project.org",
      "RemotePkgPlatform": "aarch64-apple-darwin20",
      "RemoteSha": "1.4.0"
    },
    "generics": {
      "Source": "Repository",
      "Package": "generics",
      "Version": "0.1.3",
      "Repository": "CRAN",
      "RemoteType": "standard",
      "RemotePkgRef": "generics",
      "RemoteRef": "generics",
      "RemoteRepos": "https://cloud.r-project.org",
      "RemotePkgPlatform": "aarch64-apple-darwin20",
      "RemoteSha": "0.1.3"
    },
    "gert": {
      "Source": "Repository",
      "Package": "gert",
      "Version": "1.9.2",
      "Repository": "CRAN",
      "RemoteType": "standard",
      "RemotePkgRef": "gert",
      "RemoteRef": "gert",
      "RemoteRepos": "https://cloud.r-project.org",
      "RemotePkgPlatform": "aarch64-apple-darwin20",
      "RemoteSha": "1.9.2"
    },
    "ggcharts": {
      "Source": "Repository",
      "Package": "ggcharts",
      "Version": "0.2.1",
      "Repository": "CRAN",
      "RemoteType": "standard",
      "RemotePkgRef": "ggcharts",
      "RemoteRef": "ggcharts",
      "RemoteRepos": "https://cloud.r-project.org",
      "RemotePkgPlatform": "aarch64-apple-darwin20",
      "RemoteSha": "0.2.1"
    },
    "ggforce": {
      "Source": "Repository",
      "Package": "ggforce",
      "Version": "0.4.1",
      "Repository": "CRAN"
    },
    "ggplot2": {
      "Source": "Repository",
      "Package": "ggplot2",
      "Version": "3.4.4",
      "Repository": "CRAN"
    },
    "ggraph": {
      "Source": "Repository",
      "Package": "ggraph",
      "Version": "2.1.0",
      "Repository": "CRAN"
    },
    "ggrepel": {
      "Source": "Repository",
      "Package": "ggrepel",
      "Version": "0.9.3",
      "Repository": "CRAN"
    },
    "gh": {
      "Source": "Repository",
      "Package": "gh",
      "Version": "1.4.0",
      "Repository": "CRAN",
      "RemoteType": "standard",
      "RemotePkgRef": "gh",
      "RemoteRef": "gh",
      "RemoteRepos": "https://cloud.r-project.org",
      "RemotePkgPlatform": "aarch64-apple-darwin20",
      "RemoteSha": "1.4.0"
    },
    "ghstars": {
      "Source": "GitHub",
      "Package": "ghstars",
      "Version": "0.1.0",
      "RemoteType": "github",
      "RemoteHost": "api.github.com",
      "RemoteRepo": "ghstars",
      "RemoteUsername": "thomas-neitmann",
      "RemotePkgRef": "thomas-neitmann/ghstars",
      "RemoteRef": "HEAD",
      "RemoteSha": "507e654a468f458636d9863f15e6ca8c0d4924c6"
    },
    "gitcreds": {
      "Source": "Repository",
      "Package": "gitcreds",
      "Version": "0.1.2",
      "Repository": "CRAN",
      "RemoteType": "standard",
      "RemotePkgRef": "gitcreds",
      "RemoteRef": "gitcreds",
      "RemoteRepos": "https://cloud.r-project.org",
      "RemotePkgPlatform": "aarch64-apple-darwin20",
      "RemoteSha": "0.1.2"
    },
    "globals": {
      "Source": "Repository",
      "Package": "globals",
      "Version": "0.16.2",
      "Repository": "CRAN"
    },
    "glue": {
      "Source": "Repository",
      "Package": "glue",
      "Version": "1.6.2",
      "Repository": "CRAN",
      "RemoteType": "standard",
      "RemotePkgRef": "glue",
      "RemoteRef": "glue",
      "RemoteRepos": "https://cloud.r-project.org",
      "RemotePkgPlatform": "aarch64-apple-darwin20",
      "RemoteSha": "1.6.2"
    },
    "googledrive": {
      "Source": "Repository",
      "Package": "googledrive",
      "Version": "2.1.0",
      "Repository": "CRAN",
      "RemoteType": "standard",
      "RemotePkgRef": "googledrive",
      "RemoteRef": "googledrive",
      "RemoteRepos": "https://cloud.r-project.org",
      "RemotePkgPlatform": "aarch64-apple-darwin20",
      "RemoteSha": "2.1.0"
    },
    "googlesheets4": {
      "Source": "Repository",
      "Package": "googlesheets4",
      "Version": "1.1.0",
      "Repository": "CRAN",
      "RemoteType": "standard",
      "RemotePkgRef": "googlesheets4",
      "RemoteRef": "googlesheets4",
      "RemoteRepos": "https://cloud.r-project.org",
      "RemotePkgPlatform": "aarch64-apple-darwin20",
      "RemoteSha": "1.1.0"
    },
    "graphlayouts": {
      "Source": "Repository",
      "Package": "graphlayouts",
      "Version": "1.0.2",
      "Repository": "CRAN"
    },
    "gridExtra": {
      "Source": "Repository",
      "Package": "gridExtra",
      "Version": "2.3",
      "Repository": "CRAN",
      "RemoteType": "standard",
      "RemotePkgRef": "gridExtra",
      "RemoteRef": "gridExtra",
      "RemoteRepos": "https://cloud.r-project.org",
      "RemotePkgPlatform": "aarch64-apple-darwin20",
      "RemoteSha": "2.3"
    },
    "gtable": {
      "Source": "Repository",
      "Package": "gtable",
      "Version": "0.3.4",
      "Repository": "CRAN"
    },
    "haven": {
      "Source": "Repository",
      "Package": "haven",
      "Version": "2.5.2",
      "Repository": "CRAN",
      "RemoteType": "standard",
      "RemotePkgRef": "haven",
      "RemoteRef": "haven",
      "RemoteRepos": "https://cloud.r-project.org",
      "RemotePkgPlatform": "aarch64-apple-darwin20",
      "RemoteSha": "2.5.2"
    },
    "highr": {
      "Source": "Repository",
      "Package": "highr",
      "Version": "0.10",
      "Repository": "CRAN",
      "RemoteType": "standard",
      "RemotePkgRef": "highr",
      "RemoteRef": "highr",
      "RemoteRepos": "https://cloud.r-project.org",
      "RemotePkgPlatform": "aarch64-apple-darwin20",
      "RemoteSha": "0.10"
    },
    "hms": {
      "Source": "Repository",
      "Package": "hms",
      "Version": "1.1.3",
      "Repository": "CRAN",
      "RemoteType": "standard",
      "RemotePkgRef": "hms",
      "RemoteRef": "hms",
      "RemoteRepos": "https://cloud.r-project.org",
      "RemotePkgPlatform": "aarch64-apple-darwin20",
      "RemoteSha": "1.1.3"
    },
    "htmltools": {
      "Source": "Repository",
      "Package": "htmltools",
      "Version": "0.5.7",
      "Repository": "CRAN"
    },
    "httr": {
      "Source": "Repository",
      "Package": "httr",
      "Version": "1.4.7",
      "Repository": "CRAN"
    },
    "httr2": {
      "Source": "Repository",
      "Package": "httr2",
      "Version": "0.2.2",
      "Repository": "CRAN",
      "RemoteType": "standard",
      "RemotePkgRef": "httr2",
      "RemoteRef": "httr2",
      "RemoteRepos": "https://cloud.r-project.org",
      "RemotePkgPlatform": "aarch64-apple-darwin20",
      "RemoteSha": "0.2.2"
    },
    "hunspell": {
      "Source": "Repository",
      "Package": "hunspell",
      "Version": "3.0.3",
      "Repository": "CRAN"
    },
    "hutils": {
      "Source": "Repository",
      "Package": "hutils",
      "Version": "1.8.1",
      "Repository": "CRAN"
    },
    "ids": {
      "Source": "Repository",
      "Package": "ids",
      "Version": "1.0.1",
      "Repository": "CRAN",
      "RemoteType": "standard",
      "RemotePkgRef": "ids",
      "RemoteRef": "ids",
      "RemoteRepos": "https://cloud.r-project.org",
      "RemotePkgPlatform": "aarch64-apple-darwin20",
      "RemoteSha": "1.0.1"
    },
    "igraph": {
      "Source": "Repository",
      "Package": "igraph",
      "Version": "1.5.1",
      "Repository": "CRAN"
    },
    "ini": {
      "Source": "Repository",
      "Package": "ini",
      "Version": "0.3.1",
      "Repository": "CRAN",
      "RemoteType": "standard",
      "RemotePkgRef": "ini",
      "RemoteRef": "ini",
      "RemoteRepos": "https://cloud.r-project.org",
      "RemotePkgPlatform": "aarch64-apple-darwin20",
      "RemoteSha": "0.3.1"
    },
    "isoband": {
      "Source": "Repository",
      "Package": "isoband",
      "Version": "0.2.7",
      "Repository": "CRAN",
      "RemoteType": "standard",
      "RemotePkgRef": "isoband",
      "RemoteRef": "isoband",
      "RemoteRepos": "https://cloud.r-project.org",
      "RemotePkgPlatform": "aarch64-apple-darwin20",
      "RemoteSha": "0.2.7"
    },
    "janitor": {
      "Source": "Repository",
      "Package": "janitor",
      "Version": "2.2.0",
      "Repository": "CRAN"
    },
    "jquerylib": {
      "Source": "Repository",
      "Package": "jquerylib",
      "Version": "0.1.4",
      "Repository": "CRAN",
      "RemoteType": "standard",
      "RemotePkgRef": "jquerylib",
      "RemoteRef": "jquerylib",
      "RemoteRepos": "https://cloud.r-project.org",
      "RemotePkgPlatform": "aarch64-apple-darwin20",
      "RemoteSha": "0.1.4"
    },
    "jsonlite": {
      "Source": "Repository",
      "Package": "jsonlite",
      "Version": "1.8.7",
      "Repository": "CRAN"
    },
    "knitr": {
      "Source": "Repository",
      "Package": "knitr",
      "Version": "1.45",
      "Repository": "CRAN"
    },
    "labeling": {
      "Source": "Repository",
      "Package": "labeling",
      "Version": "0.4.3",
      "Repository": "CRAN"
    },
    "lifecycle": {
      "Source": "Repository",
      "Package": "lifecycle",
      "Version": "1.0.4",
      "Repository": "CRAN"
    },
    "listenv": {
      "Source": "Repository",
      "Package": "listenv",
      "Version": "0.9.0",
      "Repository": "CRAN"
    },
    "lubridate": {
      "Source": "Repository",
      "Package": "lubridate",
      "Version": "1.9.2",
      "Repository": "CRAN",
      "RemoteType": "standard",
      "RemotePkgRef": "lubridate",
      "RemoteRef": "lubridate",
      "RemoteRepos": "https://cloud.r-project.org",
      "RemotePkgPlatform": "aarch64-apple-darwin20",
      "RemoteSha": "1.9.2"
    },
    "magrittr": {
      "Source": "Repository",
      "Package": "magrittr",
      "Version": "2.0.3",
      "Repository": "CRAN",
      "RemoteType": "standard",
      "RemotePkgRef": "magrittr",
      "RemoteRef": "magrittr",
      "RemoteRepos": "https://cloud.r-project.org",
      "RemotePkgPlatform": "aarch64-apple-darwin20",
      "RemoteSha": "2.0.3"
    },
    "memoise": {
      "Source": "Repository",
      "Package": "memoise",
      "Version": "2.0.1",
      "Repository": "CRAN",
      "RemoteType": "standard",
      "RemotePkgRef": "memoise",
      "RemoteRef": "memoise",
      "RemoteRepos": "https://cloud.r-project.org",
      "RemotePkgPlatform": "aarch64-apple-darwin20",
      "RemoteSha": "2.0.1"
    },
    "mime": {
      "Source": "Repository",
      "Package": "mime",
      "Version": "0.12",
      "Repository": "CRAN",
      "RemoteType": "standard",
      "RemotePkgRef": "mime",
      "RemoteRef": "mime",
      "RemoteRepos": "https://cloud.r-project.org",
      "RemotePkgPlatform": "aarch64-apple-darwin20",
      "RemoteSha": "0.12"
    },
    "modelr": {
      "Source": "Repository",
      "Package": "modelr",
      "Version": "0.1.11",
      "Repository": "CRAN",
      "RemoteType": "standard",
      "RemotePkgRef": "modelr",
      "RemoteRef": "modelr",
      "RemoteRepos": "https://cloud.r-project.org",
      "RemotePkgPlatform": "aarch64-apple-darwin20",
      "RemoteSha": "0.1.11"
    },
    "munsell": {
      "Source": "Repository",
      "Package": "munsell",
      "Version": "0.5.0",
      "Repository": "CRAN",
      "RemoteType": "standard",
      "RemotePkgRef": "munsell",
      "RemoteRef": "munsell",
      "RemoteRepos": "https://cloud.r-project.org",
      "RemotePkgPlatform": "aarch64-apple-darwin20",
      "RemoteSha": "0.5.0"
    },
    "openssl": {
      "Source": "Repository",
      "Package": "openssl",
      "Version": "2.1.1",
      "Repository": "CRAN"
    },
    "parallelly": {
      "Source": "Repository",
      "Package": "parallelly",
      "Version": "1.36.0",
      "Repository": "CRAN"
    },
    "patchwork": {
      "Source": "Repository",
      "Package": "patchwork",
      "Version": "1.1.3",
      "Repository": "CRAN"
    },
    "pillar": {
      "Source": "Repository",
      "Package": "pillar",
      "Version": "1.9.0",
      "Repository": "CRAN",
      "RemoteType": "standard",
      "RemotePkgRef": "pillar",
      "RemoteRef": "pillar",
      "RemoteRepos": "https://cloud.r-project.org",
      "RemotePkgPlatform": "aarch64-apple-darwin20",
      "RemoteSha": "1.9.0"
    },
    "pkgconfig": {
      "Source": "Repository",
      "Package": "pkgconfig",
      "Version": "2.0.3",
      "Repository": "CRAN",
      "RemoteType": "standard",
      "RemotePkgRef": "pkgconfig",
      "RemoteRef": "pkgconfig",
      "RemoteRepos": "https://cloud.r-project.org",
      "RemotePkgPlatform": "aarch64-apple-darwin20",
      "RemoteSha": "2.0.3"
    },
    "plyr": {
      "Source": "Repository",
      "Package": "plyr",
      "Version": "1.8.9",
      "Repository": "CRAN"
    },
    "polite": {
      "Source": "Repository",
      "Package": "polite",
      "Version": "0.1.3",
      "Repository": "CRAN"
    },
    "polyclip": {
      "Source": "Repository",
      "Package": "polyclip",
      "Version": "1.10-6",
      "Repository": "CRAN"
    },
    "prettyunits": {
      "Source": "Repository",
      "Package": "prettyunits",
      "Version": "1.2.0",
      "Repository": "CRAN"
    },
    "processx": {
      "Source": "Repository",
      "Package": "processx",
      "Version": "3.8.2",
      "Repository": "CRAN"
    },
    "progress": {
      "Source": "Repository",
      "Package": "progress",
      "Version": "1.2.2",
      "Repository": "CRAN"
    },
    "ps": {
      "Source": "Repository",
      "Package": "ps",
      "Version": "1.7.5",
      "Repository": "CRAN",
      "RemoteType": "standard",
      "RemotePkgRef": "ps",
      "RemoteRef": "ps",
      "RemoteRepos": "https://cloud.r-project.org",
      "RemotePkgPlatform": "aarch64-apple-darwin20",
      "RemoteSha": "1.7.5"
    },
    "purrr": {
      "Source": "Repository",
      "Package": "purrr",
      "Version": "1.0.2",
      "Repository": "CRAN"
    },
    "ragg": {
      "Source": "Repository",
      "Package": "ragg",
      "Version": "1.2.5",
      "Repository": "CRAN",
      "RemoteType": "standard",
      "RemotePkgRef": "ragg",
      "RemoteRef": "ragg",
      "RemoteRepos": "https://cloud.r-project.org",
      "RemotePkgPlatform": "aarch64-apple-darwin20",
      "RemoteSha": "1.2.5"
    },
    "rappdirs": {
      "Source": "Repository",
      "Package": "rappdirs",
      "Version": "0.3.3",
      "Repository": "CRAN",
      "RemoteType": "standard",
      "RemotePkgRef": "rappdirs",
      "RemoteRef": "rappdirs",
      "RemoteRepos": "https://cloud.r-project.org",
      "RemotePkgPlatform": "aarch64-apple-darwin20",
      "RemoteSha": "0.3.3"
    },
    "ratelimitr": {
      "Source": "Repository",
      "Package": "ratelimitr",
      "Version": "0.4.1",
      "Repository": "CRAN"
    },
    "readr": {
      "Source": "Repository",
      "Package": "readr",
      "Version": "2.1.4",
      "Repository": "CRAN",
      "RemoteType": "standard",
      "RemotePkgRef": "readr",
      "RemoteRef": "readr",
      "RemoteRepos": "https://cloud.r-project.org",
      "RemotePkgPlatform": "aarch64-apple-darwin20",
      "RemoteSha": "2.1.4"
    },
    "readxl": {
      "Source": "Repository",
      "Package": "readxl",
      "Version": "1.4.2",
      "Repository": "CRAN",
      "RemoteType": "standard",
      "RemotePkgRef": "readxl",
      "RemoteRef": "readxl",
      "RemoteRepos": "https://cloud.r-project.org",
      "RemotePkgPlatform": "aarch64-apple-darwin20",
      "RemoteSha": "1.4.2"
    },
    "rematch": {
      "Source": "Repository",
      "Package": "rematch",
      "Version": "1.0.1",
      "Repository": "CRAN",
      "RemoteType": "standard",
      "RemotePkgRef": "rematch",
      "RemoteRef": "rematch",
      "RemoteRepos": "https://cloud.r-project.org",
      "RemotePkgPlatform": "aarch64-apple-darwin20",
      "RemoteSha": "1.0.1"
    },
    "rematch2": {
      "Source": "Repository",
      "Package": "rematch2",
      "Version": "2.1.2",
      "Repository": "CRAN",
      "RemoteType": "standard",
      "RemotePkgRef": "rematch2",
      "RemoteRef": "rematch2",
      "RemoteRepos": "https://cloud.r-project.org",
      "RemotePkgPlatform": "aarch64-apple-darwin20",
      "RemoteSha": "2.1.2"
    },
    "remotes": {
      "Source": "Repository",
      "Package": "remotes",
      "Version": "2.4.2",
      "Repository": "CRAN",
      "RemoteType": "standard",
      "RemotePkgRef": "remotes",
      "RemoteRef": "remotes",
      "RemoteRepos": "https://cloud.r-project.org",
      "RemotePkgPlatform": "aarch64-apple-darwin20",
      "RemoteSha": "2.4.2"
    },
    "renv": {
      "Source": "Repository",
      "Package": "renv",
      "Version": "1.0.3.9000",
      "Repository": "https://milesmcbain.r-universe.dev",
      "RemoteUrl": "https://github.com/rstudio/renv",
      "RemoteRef": "HEAD",
      "RemoteSha": "4b11818ca81897f10bf1def73db6b69c9fd1af0f"
    },
    "reprex": {
      "Source": "Repository",
      "Package": "reprex",
      "Version": "2.0.2",
      "Repository": "CRAN",
      "RemoteType": "standard",
      "RemotePkgRef": "reprex",
      "RemoteRef": "reprex",
      "RemoteRepos": "https://cloud.r-project.org",
      "RemotePkgPlatform": "aarch64-apple-darwin20",
      "RemoteSha": "2.0.2"
    },
    "rlang": {
      "Source": "Repository",
      "Package": "rlang",
      "Version": "1.1.2",
      "Repository": "CRAN"
    },
    "rmarkdown": {
      "Source": "Repository",
      "Package": "rmarkdown",
      "Version": "2.25",
      "Repository": "CRAN"
    },
    "robotstxt": {
      "Source": "Repository",
      "Package": "robotstxt",
      "Version": "0.7.13",
      "Repository": "CRAN"
    },
    "rprojroot": {
      "Source": "Repository",
      "Package": "rprojroot",
      "Version": "2.0.4",
      "Repository": "CRAN"
    },
    "rstudioapi": {
      "Source": "Repository",
      "Package": "rstudioapi",
      "Version": "0.15.0",
      "Repository": "CRAN"
    },
    "rvest": {
      "Source": "Repository",
      "Package": "rvest",
      "Version": "1.0.3",
      "Repository": "CRAN",
      "RemoteType": "standard",
      "RemotePkgRef": "rvest",
      "RemoteRef": "rvest",
      "RemoteRepos": "https://cloud.r-project.org",
      "RemotePkgPlatform": "aarch64-apple-darwin20",
      "RemoteSha": "1.0.3"
    },
    "sass": {
      "Source": "Repository",
      "Package": "sass",
      "Version": "0.4.7",
      "Repository": "CRAN"
    },
    "scales": {
      "Source": "Repository",
      "Package": "scales",
      "Version": "1.2.1",
      "Repository": "CRAN",
      "RemoteType": "standard",
      "RemotePkgRef": "scales",
      "RemoteRef": "scales",
      "RemoteRepos": "https://cloud.r-project.org",
      "RemotePkgPlatform": "aarch64-apple-darwin20",
      "RemoteSha": "1.2.1"
    },
    "scholar": {
      "Source": "Repository",
      "Package": "scholar",
      "Version": "0.2.4",
      "Repository": "CRAN"
    },
    "selectr": {
      "Source": "Repository",
      "Package": "selectr",
      "Version": "0.4-2",
      "Repository": "CRAN",
      "RemoteType": "standard",
      "RemotePkgRef": "selectr",
      "RemoteRef": "selectr",
      "RemoteRepos": "https://cloud.r-project.org",
      "RemotePkgPlatform": "aarch64-apple-darwin20",
      "RemoteSha": "0.4-2"
    },
    "snakecase": {
      "Source": "Repository",
      "Package": "snakecase",
      "Version": "0.11.1",
      "Repository": "CRAN"
    },
    "spiderbar": {
      "Source": "Repository",
      "Package": "spiderbar",
      "Version": "0.2.5",
      "Repository": "CRAN"
    },
    "stringi": {
      "Source": "Repository",
      "Package": "stringi",
      "Version": "1.8.2",
      "Repository": "CRAN"
    },
    "stringr": {
      "Source": "Repository",
      "Package": "stringr",
      "Version": "1.5.1",
      "Repository": "CRAN"
    },
    "sys": {
      "Source": "Repository",
      "Package": "sys",
      "Version": "3.4.2",
      "Repository": "CRAN"
    },
    "systemfonts": {
      "Source": "Repository",
      "Package": "systemfonts",
      "Version": "1.0.4",
      "Repository": "CRAN",
      "RemoteType": "standard",
      "RemotePkgRef": "systemfonts",
      "RemoteRef": "systemfonts",
      "RemoteRepos": "https://cloud.r-project.org",
      "RemotePkgPlatform": "aarch64-apple-darwin20",
      "RemoteSha": "1.0.4"
    },
    "tarchetypes": {
      "Source": "Repository",
      "Package": "tarchetypes",
      "Version": "0.7.9",
      "Repository": "CRAN",
      "RemoteType": "standard",
      "RemotePkgRef": "tarchetypes",
      "RemoteRef": "tarchetypes",
      "RemoteRepos": "https://cloud.r-project.org",
      "RemotePkgPlatform": "aarch64-apple-darwin20",
      "RemoteSha": "0.7.9"
    },
    "targets": {
      "Source": "Repository",
      "Package": "targets",
      "Version": "1.3.2",
      "Repository": "CRAN",
      "RemoteType": "standard",
      "RemotePkgRef": "targets",
      "RemoteRef": "targets",
      "RemoteRepos": "https://cloud.r-project.org",
      "RemotePkgPlatform": "aarch64-apple-darwin20",
      "RemoteSha": "1.3.2"
    },
    "textshaping": {
      "Source": "Repository",
      "Package": "textshaping",
      "Version": "0.3.6",
      "Repository": "CRAN",
      "RemoteType": "standard",
      "RemotePkgRef": "textshaping",
      "RemoteRef": "textshaping",
      "RemoteRepos": "https://cloud.r-project.org",
      "RemotePkgPlatform": "aarch64-apple-darwin20",
      "RemoteSha": "0.3.6"
    },
    "tibble": {
      "Source": "Repository",
      "Package": "tibble",
      "Version": "3.2.1",
      "Repository": "CRAN",
      "RemoteType": "standard",
      "RemotePkgRef": "tibble",
      "RemoteRef": "tibble",
      "RemoteRepos": "https://cloud.r-project.org",
      "RemotePkgPlatform": "aarch64-apple-darwin20",
      "RemoteSha": "3.2.1"
    },
    "tidygraph": {
      "Source": "Repository",
      "Package": "tidygraph",
      "Version": "1.2.3",
      "Repository": "CRAN"
    },
    "tidyr": {
      "Source": "Repository",
      "Package": "tidyr",
      "Version": "1.3.0",
      "Repository": "CRAN",
      "RemoteType": "standard",
      "RemotePkgRef": "tidyr",
      "RemoteRef": "tidyr",
      "RemoteRepos": "https://cloud.r-project.org",
      "RemotePkgPlatform": "aarch64-apple-darwin20",
      "RemoteSha": "1.3.0"
    },
    "tidyselect": {
      "Source": "Repository",
      "Package": "tidyselect",
      "Version": "1.2.0",
      "Repository": "CRAN",
      "RemoteType": "standard",
      "RemotePkgRef": "tidyselect",
      "RemoteRef": "tidyselect",
      "RemoteRepos": "https://cloud.r-project.org",
      "RemotePkgPlatform": "aarch64-apple-darwin20",
      "RemoteSha": "1.2.0"
    },
    "tidyverse": {
      "Source": "Repository",
      "Package": "tidyverse",
      "Version": "2.0.0",
      "Repository": "CRAN",
      "RemoteType": "standard",
      "RemotePkgRef": "tidyverse",
      "RemoteRef": "tidyverse",
      "RemoteRepos": "https://cloud.r-project.org",
      "RemotePkgPlatform": "aarch64-apple-darwin20",
      "RemoteSha": "2.0.0"
    },
    "timechange": {
      "Source": "Repository",
      "Package": "timechange",
      "Version": "0.2.0",
      "Repository": "CRAN",
      "RemoteType": "standard",
      "RemotePkgRef": "timechange",
      "RemoteRef": "timechange",
      "RemoteRepos": "https://cloud.r-project.org",
      "RemotePkgPlatform": "aarch64-apple-darwin20",
      "RemoteSha": "0.2.0"
    },
    "tinytex": {
      "Source": "Repository",
      "Package": "tinytex",
      "Version": "0.48",
      "Repository": "CRAN"
    },
    "tweenr": {
      "Source": "Repository",
      "Package": "tweenr",
      "Version": "2.0.2",
      "Repository": "CRAN"
    },
    "tzdb": {
      "Source": "Repository",
      "Package": "tzdb",
      "Version": "0.4.0",
      "Repository": "CRAN"
    },
    "usethis": {
      "Source": "Repository",
      "Package": "usethis",
      "Version": "2.1.6",
      "Repository": "CRAN",
      "RemoteType": "standard",
      "RemotePkgRef": "usethis",
      "RemoteRef": "usethis",
      "RemoteRepos": "https://cloud.r-project.org",
      "RemotePkgPlatform": "aarch64-apple-darwin20",
      "RemoteSha": "2.1.6"
    },
    "using": {
      "Source": "GitHub",
      "Package": "using",
      "Version": "0.4.0",
      "RemoteType": "github",
      "RemoteHost": "api.github.com",
      "RemoteRepo": "using",
      "RemoteUsername": "anthonynorth",
      "RemotePkgRef": "anthonynorth/using",
      "RemoteRef": "HEAD",
      "RemoteSha": "c33a88c5c42c64fd84423a65af7b5a3ae8d5e64a"
    },
    "utf8": {
      "Source": "Repository",
      "Package": "utf8",
      "Version": "1.2.4",
      "Repository": "CRAN"
    },
    "uuid": {
      "Source": "Repository",
      "Package": "uuid",
      "Version": "1.1-0",
      "Repository": "CRAN",
      "RemoteType": "standard",
      "RemotePkgRef": "uuid",
      "RemoteRef": "uuid",
      "RemoteRepos": "https://cloud.r-project.org",
      "RemotePkgPlatform": "aarch64-apple-darwin20",
      "RemoteSha": "1.1-0"
    },
    "vctrs": {
      "Source": "Repository",
      "Package": "vctrs",
      "Version": "0.6.5",
      "Repository": "CRAN"
    },
    "viridis": {
      "Source": "Repository",
      "Package": "viridis",
      "Version": "0.6.4",
      "Repository": "CRAN"
    },
    "viridisLite": {
      "Source": "Repository",
      "Package": "viridisLite",
      "Version": "0.4.2",
      "Repository": "CRAN"
    },
    "vitae": {
      "Source": "Repository",
      "Package": "vitae",
      "Version": "0.5.4",
      "Repository": "CRAN"
    },
    "vroom": {
      "Source": "Repository",
      "Package": "vroom",
      "Version": "1.6.4",
      "Repository": "CRAN"
    },
    "whisker": {
      "Source": "Repository",
      "Package": "whisker",
      "Version": "0.4.1",
      "Repository": "CRAN",
      "RemoteType": "standard",
      "RemotePkgRef": "whisker",
      "RemoteRef": "whisker",
      "RemoteRepos": "https://cloud.r-project.org",
      "RemotePkgPlatform": "aarch64-apple-darwin20",
      "RemoteSha": "0.4.1"
    },
    "withr": {
      "Source": "Repository",
      "Package": "withr",
      "Version": "2.5.2",
      "Repository": "CRAN"
    },
    "xfun": {
      "Source": "Repository",
      "Package": "xfun",
      "Version": "0.41",
      "Repository": "CRAN"
    },
    "xml2": {
      "Source": "Repository",
      "Package": "xml2",
      "Version": "1.3.5",
      "Repository": "CRAN"
    },
    "yaml": {
      "Source": "Repository",
      "Package": "yaml",
      "Version": "2.3.7",
      "Repository": "CRAN",
      "RemoteType": "standard",
      "RemotePkgRef": "yaml",
      "RemoteRef": "yaml",
      "RemoteRepos": "https://cloud.r-project.org",
      "RemotePkgPlatform": "aarch64-apple-darwin20",
      "RemoteSha": "2.3.7"
    },
    "zip": {
      "Source": "Repository",
      "Package": "zip",
      "Version": "2.3.0",
      "Repository": "CRAN",
      "RemoteType": "standard",
      "RemotePkgRef": "zip",
      "RemoteRef": "zip",
      "RemoteRepos": "https://cloud.r-project.org",
      "RemotePkgPlatform": "aarch64-apple-darwin20",
      "RemoteSha": "2.3.0"
    },
    "zoo": {
      "Source": "Repository",
      "Package": "zoo",
      "Version": "1.8-12",
      "Repository": "CRAN"
    }
  }
}
